dependencies:
- name: spark-base
  repository: file://../spark-base
  version: 0.1.0
- name: spark-standalone
  repository: file://./charts/spark-standalone
  version: 0.1.0
digest: sha256:3c09081fd76aeeb91a2edf1400ccbd8bb8b1a35dd835da49885e6fffb0d737cb
generated: "2026-02-22T00:02:14.335227501+03:00"
