dependencies:
- name: spark-base
  repository: file://../spark-base
  version: 0.1.0
- name: prometheus
  repository: https://prometheus-community.github.io/helm-charts
  version: 25.30.2
- name: grafana
  repository: https://grafana.github.io/helm-charts
  version: 8.15.0
- name: loki
  repository: https://grafana.github.io/helm-charts
  version: 6.55.0
digest: sha256:9a8548e99dcabdc263440ac6871f8b859fe0acae6d12294d99efd6565979b588
generated: "2026-06-17T22:50:27.896571475+03:00"
