dependencies:
- name: spark-base
  repository: file://../spark-base
  version: 0.1.0
- name: prometheus
  repository: https://prometheus-community.github.io/helm-charts
  version: 25.30.2
- name: grafana
  repository: https://grafana.github.io/helm-charts
  version: 8.15.0
- name: loki
  repository: https://grafana.github.io/helm-charts
  version: 6.55.0
digest: sha256:e7153f2c31ca76255259d3609a778fb079513540bc4b69ab256f5e463179bb0c
generated: "2026-06-19T16:33:39.752273863+03:00"
